// !$*UTF8*$!
{
	archiveVersion = 1;
	classes = {
	};
	objectVersion = 46;
	objects = {

/* Begin PBXBuildFile section */
		EA466D021C6A83FF00789577 /* WatchPeripheral.swift in Sources */ = {isa = PBXBuildFile; fileRef = EA466D011C6A83FF00789577 /* WatchPeripheral.swift */; };
		EA76BE7F1C4FC7B200601367 /* AppDelegate.swift in Sources */ = {isa = PBXBuildFile; fileRef = EA76BE7E1C4FC7B200601367 /* AppDelegate.swift */; };
		EA76BE811C4FC7B200601367 /* ViewController.swift in Sources */ = {isa = PBXBuildFile; fileRef = EA76BE801C4FC7B200601367 /* ViewController.swift */; };
		EA76BE841C4FC7B200601367 /* Main.storyboard in Resources */ = {isa = PBXBuildFile; fileRef = EA76BE821C4FC7B200601367 /* Main.storyboard */; };
		EA76BE861C4FC7B200601367 /* Assets.xcassets in Resources */ = {isa = PBXBuildFile; fileRef = EA76BE851C4FC7B200601367 /* Assets.xcassets */; };
		EA76BE891C4FC7B200601367 /* LaunchScreen.storyboard in Resources */ = {isa = PBXBuildFile; fileRef = EA76BE871C4FC7B200601367 /* LaunchScreen.storyboard */; };
		EA7F60461C6E7AB60047EAE0 /* QRCodeScanner.swift in Sources */ = {isa = PBXBuildFile; fileRef = EA7F60451C6E7AB60047EAE0 /* QRCodeScanner.swift */; };
		EAFFA5AD1C4FF57900647286 /* BleManager.swift in Sources */ = {isa = PBXBuildFile; fileRef = EAFFA5AC1C4FF57900647286 /* BleManager.swift */; };
/* End PBXBuildFile section */

/* Begin PBXFileReference section */
		EA466D011C6A83FF00789577 /* WatchPeripheral.swift */ = {isa = PBXFileReference; fileEncoding = 4; lastKnownFileType = sourcecode.swift; path = WatchPeripheral.swift; sourceTree = "<group>"; };
		EA76BE7B1C4FC7B200601367 /* Watch.app */ = {isa = PBXFileReference; explicitFileType = wrapper.application; includeInIndex = 0; path = Watch.app; sourceTree = BUILT_PRODUCTS_DIR; };
		EA76BE7E1C4FC7B200601367 /* AppDelegate.swift */ = {isa = PBXFileReference; lastKnownFileType = sourcecode.swift; path = AppDelegate.swift; sourceTree = "<group>"; };
		EA76BE801C4FC7B200601367 /* ViewController.swift */ = {isa = PBXFileReference; lastKnownFileType = sourcecode.swift; path = ViewController.swift; sourceTree = "<group>"; };
		EA76BE831C4FC7B200601367 /* Base */ = {isa = PBXFileReference; lastKnownFileType = file.storyboard; name = Base; path = Base.lproj/Main.storyboard; sourceTree = "<group>"; };
		EA76BE851C4FC7B200601367 /* Assets.xcassets */ = {isa = PBXFileReference; lastKnownFileType = folder.assetcatalog; path = Assets.xcassets; sourceTree = "<group>"; };
		EA76BE881C4FC7B200601367 /* Base */ = {isa = PBXFileReference; lastKnownFileType = file.storyboard; name = Base; path = Base.lproj/LaunchScreen.storyboard; sourceTree = "<group>"; };
		EA76BE8A1C4FC7B200601367 /* Info.plist */ = {isa = PBXFileReference; lastKnownFileType = text.plist.xml; path = Info.plist; sourceTree = "<group>"; };
		EA7F60451C6E7AB60047EAE0 /* QRCodeScanner.swift */ = {isa = PBXFileReference; fileEncoding = 4; lastKnownFileType = sourcecode.swift; path = QRCodeScanner.swift; sourceTree = "<group>"; };
		EAFFA5AC1C4FF57900647286 /* BleManager.swift */ = {isa = PBXFileReference; fileEncoding = 4; lastKnownFileType = sourcecode.swift; path = BleManager.swift; sourceTree = "<group>"; };
/* End PBXFileReference section */

/* Begin PBXFrameworksBuildPhase section */
		EA76BE781C4FC7B200601367 /* Frameworks */ = {
			isa = PBXFrameworksBuildPhase;
			buildActionMask = 2147483647;
			files = (
			);
			runOnlyForDeploymentPostprocessing = 0;
		};
/* End PBXFrameworksBuildPhase section */

/* Begin PBXGroup section */
		EA76BE721C4FC7B200601367 = {
			isa = PBXGroup;
			children = (
				EA76BE7D1C4FC7B200601367 /* Watch */,
				EA76BE7C1C4FC7B200601367 /* Products */,
			);
			sourceTree = "<group>";
		};
		EA76BE7C1C4FC7B200601367 /* Products */ = {
			isa = PBXGroup;
			children = (
				EA76BE7B1C4FC7B200601367 /* Watch.app */,
			);
			name = Products;
			sourceTree = "<group>";
		};
		EA76BE7D1C4FC7B200601367 /* Watch */ = {
			isa = PBXGroup;
			children = (
				EA76BE7E1C4FC7B200601367 /* AppDelegate.swift */,
				EA7F60451C6E7AB60047EAE0 /* QRCodeScanner.swift */,
				EA76BE801C4FC7B200601367 /* ViewController.swift */,
				EA76BE821C4FC7B200601367 /* Main.storyboard */,
				EA76BE851C4FC7B200601367 /* Assets.xcassets */,
				EA76BE871C4FC7B200601367 /* LaunchScreen.storyboard */,
				EA76BE8A1C4FC7B200601367 /* Info.plist */,
				EAFFA5AC1C4FF57900647286 /* BleManager.swift */,
				EA466D011C6A83FF00789577 /* WatchPeripheral.swift */,
			);
			path = Watch;
			sourceTree = "<group>";
		};
/* End PBXGroup section */

/* Begin PBXNativeTarget section */
		EA76BE7A1C4FC7B200601367 /* Watch */ = {
			isa = PBXNativeTarget;
			buildConfigurationList = EA76BE8D1C4FC7B200601367 /* Build configuration list for PBXNativeTarget "Watch" */;
			buildPhases = (
				EA76BE771C4FC7B200601367 /* Sources */,
				EA76BE781C4FC7B200601367 /* Frameworks */,
				EA76BE791C4FC7B200601367 /* Resources */,
			);
			buildRules = (
			);
			dependencies = (
			);
			name = Watch;
			productName = Watch;
			productReference = EA76BE7B1C4FC7B200601367 /* Watch.app */;
			productType = "com.apple.product-type.application";
		};
/* End PBXNativeTarget section */

/* Begin PBXProject section */
		EA76BE731C4FC7B200601367 /* Project object */ = {
			isa = PBXProject;
			attributes = {
				LastSwiftUpdateCheck = 0720;
				LastUpgradeCheck = 0720;
				ORGANIZATIONNAME = ossw;
				TargetAttributes = {
					EA76BE7A1C4FC7B200601367 = {
						CreatedOnToolsVersion = 7.2;
						DevelopmentTeam = V4JH837YE2;
					};
				};
			};
			buildConfigurationList = EA76BE761C4FC7B200601367 /* Build configuration list for PBXProject "Watch" */;
			compatibilityVersion = "Xcode 3.2";
			developmentRegion = English;
			hasScannedForEncodings = 0;
			knownRegions = (
				en,
				Base,
			);
			mainGroup = EA76BE721C4FC7B200601367;
			productRefGroup = EA76BE7C1C4FC7B200601367 /* Products */;
			projectDirPath = "";
			projectRoot = "";
			targets = (
				EA76BE7A1C4FC7B200601367 /* Watch */,
			);
		};
/* End PBXProject section */

/* Begin PBXResourcesBuildPhase section */
		EA76BE791C4FC7B200601367 /* Resources */ = {
			isa = PBXResourcesBuildPhase;
			buildActionMask = 2147483647;
			files = (
				EA76BE891C4FC7B200601367 /* LaunchScreen.storyboard in Resources */,
				EA76BE861C4FC7B200601367 /* Assets.xcassets in Resources */,
				EA76BE841C4FC7B200601367 /* Main.storyboard in Resources */,
			);
			runOnlyForDeploymentPostprocessing = 0;
		};
/* End PBXResourcesBuildPhase section */

/* Begin PBXSourcesBuildPhase section */
		EA76BE771C4FC7B200601367 /* Sources */ = {
			isa = PBXSourcesBuildPhase;
			buildActionMask = 2147483647;
			files = (
				EA76BE811C4FC7B200601367 /* ViewController.swift in Sources */,
				EA7F60461C6E7AB60047EAE0 /* QRCodeScanner.swift in Sources */,
				EAFFA5AD1C4FF57900647286 /* BleManager.swift in Sources */,
				EA76BE7F1C4FC7B200601367 /* AppDelegate.swift in Sources */,
				EA466D021C6A83FF00789577 /* WatchPeripheral.swift in Sources */,
			);
			runOnlyForDeploymentPostprocessing = 0;
		};
/* End PBXSourcesBuildPhase section */

/* Begin PBXVariantGroup section */
		EA76BE821C4FC7B200601367 /* Main.storyboard */ = {
			isa = PBXVariantGroup;
			children = (
				EA76BE831C4FC7B200601367 /* Base */,
			);
			name = Main.storyboard;
			sourceTree = "<group>";
		};
		EA76BE871C4FC7B200601367 /* LaunchScreen.storyboard */ = {
			isa = PBXVariantGroup;
			children = (
				EA76BE881C4FC7B200601367 /* Base */,
			);
			name = LaunchScreen.storyboard;
			sourceTree = "<group>";
		};
/* End PBXVariantGroup section */

/* Begin XCBuildConfiguration section */
		EA76BE8B1C4FC7B200601367 /* Debug */ = {
			isa = XCBuildConfiguration;
			buildSettings = {
				ALWAYS_SEARCH_USER_PATHS = NO;
				CLANG_CXX_LANGUAGE_STANDARD = "gnu++0x";
				CLANG_CXX_LIBRARY = "libc++";
				CLANG_ENABLE_MODULES = YES;
				CLANG_ENABLE_OBJC_ARC = YES;
				CLANG_WARN_BOOL_CONVERSION = YES;
				CLANG_WARN_CONSTANT_CONVERSION = YES;
				CLANG_WARN_DIRECT_OBJC_ISA_USAGE = YES_ERROR;
				CLANG_WARN_EMPTY_BODY = YES;
				CLANG_WARN_ENUM_CONVERSION = YES;
				CLANG_WARN_INT_CONVERSION = YES;
				CLANG_WARN_OBJC_ROOT_CLASS = YES_ERROR;
				CLANG_WARN_UNREACHABLE_CODE = YES;
				CLANG_WARN__DUPLICATE_METHOD_MATCH = YES;
				"CODE_SIGN_IDENTITY[sdk=iphoneos*]" = "iPhone Developer";
				COPY_PHASE_STRIP = NO;
				DEBUG_INFORMATION_FORMAT = dwarf;
				ENABLE_STRICT_OBJC_MSGSEND = YES;
				ENABLE_TESTABILITY = YES;
				GCC_C_LANGUAGE_STANDARD = gnu99;
				GCC_DYNAMIC_NO_PIC = NO;
				GCC_NO_COMMON_BLOCKS = YES;
				GCC_OPTIMIZATION_LEVEL = 0;
				GCC_PREPROCESSOR_DEFINITIONS = (
					"DEBUG=1",
					"$(inherited)",
				);
				GCC_WARN_64_TO_32_BIT_CONVERSION = YES;
				GCC_WARN_ABOUT_RETURN_TYPE = YES_ERROR;
				GCC_WARN_UNDECLARED_SELECTOR = YES;
				GCC_WARN_UNINITIALIZED_AUTOS = YES_AGGRESSIVE;
				GCC_WARN_UNUSED_FUNCTION = YES;
				GCC_WARN_UNUSED_VARIABLE = YES;
				IPHONEOS_DEPLOYMENT_TARGET = 9.2;
				MTL_ENABLE_DEBUG_INFO = YES;
				ONLY_ACTIVE_ARCH = YES;
				SDKROOT = iphoneos;
				SWIFT_OPTIMIZATION_LEVEL = "-Onone";
				TARGETED_DEVICE_FAMILY = "1,2";
			};
			name = Debug;
		};
		EA76BE8C1C4FC7B200601367 /* Release */ = {
			isa = XCBuildConfiguration;
			buildSettings = {
				ALWAYS_SEARCH_USER_PATHS = NO;
				CLANG_CXX_LANGUAGE_STANDARD = "gnu++0x";
				CLANG_CXX_LIBRARY = "libc++";
				CLANG_ENABLE_MODULES = YES;
				CLANG_ENABLE_OBJC_ARC = YES;
				CLANG_WARN_BOOL_CONVERSION = YES;
				CLANG_WARN_CONSTANT_CONVERSION = YES;
				CLANG_WARN_DIRECT_OBJC_ISA_USAGE = YES_ERROR;
				CLANG_WARN_EMPTY_BODY = YES;
				CLANG_WARN_ENUM_CONVERSION = YES;
				CLANG_WARN_INT_CONVERSION = YES;
				CLANG_WARN_OBJC_ROOT_CLASS = YES_ERROR;
				CLANG_WARN_UNREACHABLE_CODE = YES;
				CLANG_WARN__DUPLICATE_METHOD_MATCH = YES;
				"CODE_SIGN_IDENTITY[sdk=iphoneos*]" = "iPhone Developer";
				COPY_PHASE_STRIP = NO;
				DEBUG_INFORMATION_FORMAT = "dwarf-with-dsym";
				ENABLE_NS_ASSERTIONS = NO;
				ENABLE_STRICT_OBJC_MSGSEND = YES;
				GCC_C_LANGUAGE_STANDARD = gnu99;
				GCC_NO_COMMON_BLOCKS = YES;
				GCC_WARN_64_TO_32_BIT_CONVERSION = YES;
				GCC_WARN_ABOUT_RETURN_TYPE = YES_ERROR;
				GCC_WARN_UNDECLARED_SELECTOR = YES;
				GCC_WARN_UNINITIALIZED_AUTOS = YES_AGGRESSIVE;
				GCC_WARN_UNUSED_FUNCTION = YES;
				GCC_WARN_UNUSED_VARIABLE = YES;
				IPHONEOS_DEPLOYMENT_TARGET = 9.2;
				MTL_ENABLE_DEBUG_INFO = NO;
				SDKROOT = iphoneos;
				TARGETED_DEVICE_FAMILY = "1,2";
				VALIDATE_PRODUCT = YES;
			};
			name = Release;
		};
		EA76BE8E1C4FC7B200601367 /* Debug */ = {
			isa = XCBuildConfiguration;
			buildSettings = {
				ASSETCATALOG_COMPILER_APPICON_NAME = AppIcon;
				CODE_SIGN_IDENTITY = "iPhone Developer";
				"CODE_SIGN_IDENTITY[sdk=iphoneos*]" = "iPhone Developer";
				INFOPLIST_FILE = Watch/Info.plist;
				LD_RUNPATH_SEARCH_PATHS = "$(inherited) @executable_path/Frameworks";
				PRODUCT_BUNDLE_IDENTIFIER = com.ossw.Watch;
				PRODUCT_NAME = "$(TARGET_NAME)";
				PROVISIONING_PROFILE = "";
				TARGETED_DEVICE_FAMILY = "1,2";
			};
			name = Debug;
		};
		EA76BE8F1C4FC7B200601367 /* Release */ = {
			isa = XCBuildConfiguration;
			buildSettings = {
				ASSETCATALOG_COMPILER_APPICON_NAME = AppIcon;
				CODE_SIGN_IDENTITY = "iPhone Developer";
				"CODE_SIGN_IDENTITY[sdk=iphoneos*]" = "iPhone Developer";
				INFOPLIST_FILE = Watch/Info.plist;
				LD_RUNPATH_SEARCH_PATHS = "$(inherited) @executable_path/Frameworks";
				PRODUCT_BUNDLE_IDENTIFIER = com.ossw.Watch;
				PRODUCT_NAME = "$(TARGET_NAME)";
				PROVISIONING_PROFILE = "";
				TARGETED_DEVICE_FAMILY = "1,2";
			};
			name = Release;
		};
/* End XCBuildConfiguration section */

/* Begin XCConfigurationList section */
		EA76BE761C4FC7B200601367 /* Build configuration list for PBXProject "Watch" */ = {
			isa = XCConfigurationList;
			buildConfigurations = (
				EA76BE8B1C4FC7B200601367 /* Debug */,
				EA76BE8C1C4FC7B200601367 /* Release */,
			);
			defaultConfigurationIsVisible = 0;
			defaultConfigurationName = Release;
		};
		EA76BE8D1C4FC7B200601367 /* Build configuration list for PBXNativeTarget "Watch" */ = {
			isa = XCConfigurationList;
			buildConfigurations = (
				EA76BE8E1C4FC7B200601367 /* Debug */,
				EA76BE8F1C4FC7B200601367 /* Release */,
			);
			defaultConfigurationIsVisible = 0;
			defaultConfigurationName = Release;
		};
/* End XCConfigurationList section */
	};
	rootObject = EA76BE731C4FC7B200601367 /* Project object */;
}
